
Microsoft Visual Studio Solution File, Format Version 12.00
Project("{FAE04EC0-301F-11D3-BF4B-00C04F79EFBC}") = "AOC24", "AOC24.csproj", "{FF06AD6A-5AE2-4559-8151-6A1EB32037FF}"
EndProject
Global
	GlobalSection(SolutionConfigurationPlatforms) = preSolution
		Debug|Any CPU = Debug|Any CPU
		Release|Any CPU = Release|Any CPU
	EndGlobalSection
	GlobalSection(ProjectConfigurationPlatforms) = postSolution
		{FF06AD6A-5AE2-4559-8151-6A1EB32037FF}.Debug|Any CPU.ActiveCfg = Debug|Any CPU
		{FF06AD6A-5AE2-4559-8151-6A1EB32037FF}.Debug|Any CPU.Build.0 = Debug|Any CPU
		{FF06AD6A-5AE2-4559-8151-6A1EB32037FF}.Release|Any CPU.ActiveCfg = Release|Any CPU
		{FF06AD6A-5AE2-4559-8151-6A1EB32037FF}.Release|Any CPU.Build.0 = Release|Any CPU
	EndGlobalSection
EndGlobal
